// !$*UTF8*$!
{
	archiveVersion = 1;
	classes = {
	};
	objectVersion = 46;
	objects = {

/* Begin PBXBuildFile section */
		5B99B4C3140FD38C00EF4C77 /* UIKit.framework in Frameworks */ = {isa = PBXBuildFile; fileRef = 5B99B4C2140FD38C00EF4C77 /* UIKit.framework */; };
		5B99B4C5140FD38C00EF4C77 /* Foundation.framework in Frameworks */ = {isa = PBXBuildFile; fileRef = 5B99B4C4140FD38C00EF4C77 /* Foundation.framework */; };
		5B99B4C7140FD38C00EF4C77 /* CoreGraphics.framework in Frameworks */ = {isa = PBXBuildFile; fileRef = 5B99B4C6140FD38C00EF4C77 /* CoreGraphics.framework */; };
		5B99B4CD140FD38C00EF4C77 /* InfoPlist.strings in Resources */ = {isa = PBXBuildFile; fileRef = 5B99B4CB140FD38C00EF4C77 /* InfoPlist.strings */; };
		5B99B4D0140FD38C00EF4C77 /* main.m in Sources */ = {isa = PBXBuildFile; fileRef = 5B99B4CF140FD38C00EF4C77 /* main.m */; };
		5B99B4D3140FD38C00EF4C77 /* NavigationBasedAppFirstAppDelegate.m in Sources */ = {isa = PBXBuildFile; fileRef = 5B99B4D2140FD38C00EF4C77 /* NavigationBasedAppFirstAppDelegate.m */; };
		5B99B4D6140FD38C00EF4C77 /* MainWindow.xib in Resources */ = {isa = PBXBuildFile; fileRef = 5B99B4D4140FD38C00EF4C77 /* MainWindow.xib */; };
		5B99B4D9140FD38C00EF4C77 /* RootViewController.m in Sources */ = {isa = PBXBuildFile; fileRef = 5B99B4D8140FD38C00EF4C77 /* RootViewController.m */; };
		5B99B4DC140FD38C00EF4C77 /* RootViewController.xib in Resources */ = {isa = PBXBuildFile; fileRef = 5B99B4DA140FD38C00EF4C77 /* RootViewController.xib */; };
/* End PBXBuildFile section */

/* Begin PBXFileReference section */
		5B99B4BE140FD38C00EF4C77 /* NavigationBasedAppFirst.app */ = {isa = PBXFileReference; explicitFileType = wrapper.application; includeInIndex = 0; path = NavigationBasedAppFirst.app; sourceTree = BUILT_PRODUCTS_DIR; };
		5B99B4C2140FD38C00EF4C77 /* UIKit.framework */ = {isa = PBXFileReference; lastKnownFileType = wrapper.framework; name = UIKit.framework; path = System/Library/Frameworks/UIKit.framework; sourceTree = SDKROOT; };
		5B99B4C4140FD38C00EF4C77 /* Foundation.framework */ = {isa = PBXFileReference; lastKnownFileType = wrapper.framework; name = Foundation.framework; path = System/Library/Frameworks/Foundation.framework; sourceTree = SDKROOT; };
		5B99B4C6140FD38C00EF4C77 /* CoreGraphics.framework */ = {isa = PBXFileReference; lastKnownFileType = wrapper.framework; name = CoreGraphics.framework; path = System/Library/Frameworks/CoreGraphics.framework; sourceTree = SDKROOT; };
		5B99B4CA140FD38C00EF4C77 /* NavigationBasedAppFirst-Info.plist */ = {isa = PBXFileReference; lastKnownFileType = text.plist.xml; path = "NavigationBasedAppFirst-Info.plist"; sourceTree = "<group>"; };
		5B99B4CC140FD38C00EF4C77 /* en */ = {isa = PBXFileReference; lastKnownFileType = text.plist.strings; name = en; path = en.lproj/InfoPlist.strings; sourceTree = "<group>"; };
		5B99B4CE140FD38C00EF4C77 /* NavigationBasedAppFirst-Prefix.pch */ = {isa = PBXFileReference; lastKnownFileType = sourcecode.c.h; path = "NavigationBasedAppFirst-Prefix.pch"; sourceTree = "<group>"; };
		5B99B4CF140FD38C00EF4C77 /* main.m */ = {isa = PBXFileReference; lastKnownFileType = sourcecode.c.objc; path = main.m; sourceTree = "<group>"; };
		5B99B4D1140FD38C00EF4C77 /* NavigationBasedAppFirstAppDelegate.h */ = {isa = PBXFileReference; lastKnownFileType = sourcecode.c.h; path = NavigationBasedAppFirstAppDelegate.h; sourceTree = "<group>"; };
		5B99B4D2140FD38C00EF4C77 /* NavigationBasedAppFirstAppDelegate.m */ = {isa = PBXFileReference; lastKnownFileType = sourcecode.c.objc; path = NavigationBasedAppFirstAppDelegate.m; sourceTree = "<group>"; };
		5B99B4D5140FD38C00EF4C77 /* en */ = {isa = PBXFileReference; lastKnownFileType = file.xib; name = en; path = en.lproj/MainWindow.xib; sourceTree = "<group>"; };
		5B99B4D7140FD38C00EF4C77 /* RootViewController.h */ = {isa = PBXFileReference; lastKnownFileType = sourcecode.c.h; path = RootViewController.h; sourceTree = "<group>"; };
		5B99B4D8140FD38C00EF4C77 /* RootViewController.m */ = {isa = PBXFileReference; lastKnownFileType = sourcecode.c.objc; path = RootViewController.m; sourceTree = "<group>"; };
		5B99B4DB140FD38C00EF4C77 /* en */ = {isa = PBXFileReference; lastKnownFileType = file.xib; name = en; path = en.lproj/RootViewController.xib; sourceTree = "<group>"; };
/* End PBXFileReference section */

/* Begin PBXFrameworksBuildPhase section */
		5B99B4BB140FD38C00EF4C77 /* Frameworks */ = {
			isa = PBXFrameworksBuildPhase;
			buildActionMask = 2147483647;
			files = (
				5B99B4C3140FD38C00EF4C77 /* UIKit.framework in Frameworks */,
				5B99B4C5140FD38C00EF4C77 /* Foundation.framework in Frameworks */,
				5B99B4C7140FD38C00EF4C77 /* CoreGraphics.framework in Frameworks */,
			);
			runOnlyForDeploymentPostprocessing = 0;
		};
/* End PBXFrameworksBuildPhase section */

/* Begin PBXGroup section */
		5B99B4B3140FD38C00EF4C77 = {
			isa = PBXGroup;
			children = (
				5B99B4C8140FD38C00EF4C77 /* NavigationBasedAppFirst */,
				5B99B4C1140FD38C00EF4C77 /* Frameworks */,
				5B99B4BF140FD38C00EF4C77 /* Products */,
			);
			sourceTree = "<group>";
		};
		5B99B4BF140FD38C00EF4C77 /* Products */ = {
			isa = PBXGroup;
			children = (
				5B99B4BE140FD38C00EF4C77 /* NavigationBasedAppFirst.app */,
			);
			name = Products;
			sourceTree = "<group>";
		};
		5B99B4C1140FD38C00EF4C77 /* Frameworks */ = {
			isa = PBXGroup;
			children = (
				5B99B4C2140FD38C00EF4C77 /* UIKit.framework */,
				5B99B4C4140FD38C00EF4C77 /* Foundation.framework */,
				5B99B4C6140FD38C00EF4C77 /* CoreGraphics.framework */,
			);
			name = Frameworks;
			sourceTree = "<group>";
		};
		5B99B4C8140FD38C00EF4C77 /* NavigationBasedAppFirst */ = {
			isa = PBXGroup;
			children = (
				5B99B4D1140FD38C00EF4C77 /* NavigationBasedAppFirstAppDelegate.h */,
				5B99B4D2140FD38C00EF4C77 /* NavigationBasedAppFirstAppDelegate.m */,
				5B99B4D4140FD38C00EF4C77 /* MainWindow.xib */,
				5B99B4D7140FD38C00EF4C77 /* RootViewController.h */,
				5B99B4D8140FD38C00EF4C77 /* RootViewController.m */,
				5B99B4DA140FD38C00EF4C77 /* RootViewController.xib */,
				5B99B4C9140FD38C00EF4C77 /* Supporting Files */,
			);
			path = NavigationBasedAppFirst;
			sourceTree = "<group>";
		};
		5B99B4C9140FD38C00EF4C77 /* Supporting Files */ = {
			isa = PBXGroup;
			children = (
				5B99B4CA140FD38C00EF4C77 /* NavigationBasedAppFirst-Info.plist */,
				5B99B4CB140FD38C00EF4C77 /* InfoPlist.strings */,
				5B99B4CE140FD38C00EF4C77 /* NavigationBasedAppFirst-Prefix.pch */,
				5B99B4CF140FD38C00EF4C77 /* main.m */,
			);
			name = "Supporting Files";
			sourceTree = "<group>";
		};
/* End PBXGroup section */

/* Begin PBXNativeTarget section */
		5B99B4BD140FD38C00EF4C77 /* NavigationBasedAppFirst */ = {
			isa = PBXNativeTarget;
			buildConfigurationList = 5B99B4DF140FD38C00EF4C77 /* Build configuration list for PBXNativeTarget "NavigationBasedAppFirst" */;
			buildPhases = (
				5B99B4BA140FD38C00EF4C77 /* Sources */,
				5B99B4BB140FD38C00EF4C77 /* Frameworks */,
				5B99B4BC140FD38C00EF4C77 /* Resources */,
			);
			buildRules = (
			);
			dependencies = (
			);
			name = NavigationBasedAppFirst;
			productName = NavigationBasedAppFirst;
			productReference = 5B99B4BE140FD38C00EF4C77 /* NavigationBasedAppFirst.app */;
			productType = "com.apple.product-type.application";
		};
/* End PBXNativeTarget section */

/* Begin PBXProject section */
		5B99B4B5140FD38C00EF4C77 /* Project object */ = {
			isa = PBXProject;
			buildConfigurationList = 5B99B4B8140FD38C00EF4C77 /* Build configuration list for PBXProject "NavigationBasedAppFirst" */;
			compatibilityVersion = "Xcode 3.2";
			developmentRegion = English;
			hasScannedForEncodings = 0;
			knownRegions = (
				en,
			);
			mainGroup = 5B99B4B3140FD38C00EF4C77;
			productRefGroup = 5B99B4BF140FD38C00EF4C77 /* Products */;
			projectDirPath = "";
			projectRoot = "";
			targets = (
				5B99B4BD140FD38C00EF4C77 /* NavigationBasedAppFirst */,
			);
		};
/* End PBXProject section */

/* Begin PBXResourcesBuildPhase section */
		5B99B4BC140FD38C00EF4C77 /* Resources */ = {
			isa = PBXResourcesBuildPhase;
			buildActionMask = 2147483647;
			files = (
				5B99B4CD140FD38C00EF4C77 /* InfoPlist.strings in Resources */,
				5B99B4D6140FD38C00EF4C77 /* MainWindow.xib in Resources */,
				5B99B4DC140FD38C00EF4C77 /* RootViewController.xib in Resources */,
			);
			runOnlyForDeploymentPostprocessing = 0;
		};
/* End PBXResourcesBuildPhase section */

/* Begin PBXSourcesBuildPhase section */
		5B99B4BA140FD38C00EF4C77 /* Sources */ = {
			isa = PBXSourcesBuildPhase;
			buildActionMask = 2147483647;
			files = (
				5B99B4D0140FD38C00EF4C77 /* main.m in Sources */,
				5B99B4D3140FD38C00EF4C77 /* NavigationBasedAppFirstAppDelegate.m in Sources */,
				5B99B4D9140FD38C00EF4C77 /* RootViewController.m in Sources */,
			);
			runOnlyForDeploymentPostprocessing = 0;
		};
/* End PBXSourcesBuildPhase section */

/* Begin PBXVariantGroup section */
		5B99B4CB140FD38C00EF4C77 /* InfoPlist.strings */ = {
			isa = PBXVariantGroup;
			children = (
				5B99B4CC140FD38C00EF4C77 /* en */,
			);
			name = InfoPlist.strings;
			sourceTree = "<group>";
		};
		5B99B4D4140FD38C00EF4C77 /* MainWindow.xib */ = {
			isa = PBXVariantGroup;
			children = (
				5B99B4D5140FD38C00EF4C77 /* en */,
			);
			name = MainWindow.xib;
			sourceTree = "<group>";
		};
		5B99B4DA140FD38C00EF4C77 /* RootViewController.xib */ = {
			isa = PBXVariantGroup;
			children = (
				5B99B4DB140FD38C00EF4C77 /* en */,
			);
			name = RootViewController.xib;
			sourceTree = "<group>";
		};
/* End PBXVariantGroup section */

/* Begin XCBuildConfiguration section */
		5B99B4DD140FD38C00EF4C77 /* Debug */ = {
			isa = XCBuildConfiguration;
			buildSettings = {
				ARCHS = "$(ARCHS_STANDARD_32_BIT)";
				"CODE_SIGN_IDENTITY[sdk=iphoneos*]" = "iPhone Developer";
				GCC_C_LANGUAGE_STANDARD = gnu99;
				GCC_OPTIMIZATION_LEVEL = 0;
				GCC_PREPROCESSOR_DEFINITIONS = DEBUG;
				GCC_SYMBOLS_PRIVATE_EXTERN = NO;
				GCC_VERSION = com.apple.compilers.llvmgcc42;
				GCC_WARN_ABOUT_RETURN_TYPE = YES;
				GCC_WARN_UNUSED_VARIABLE = YES;
				IPHONEOS_DEPLOYMENT_TARGET = 4.3;
				SDKROOT = iphoneos;
			};
			name = Debug;
		};
		5B99B4DE140FD38C00EF4C77 /* Release */ = {
			isa = XCBuildConfiguration;
			buildSettings = {
				ARCHS = "$(ARCHS_STANDARD_32_BIT)";
				"CODE_SIGN_IDENTITY[sdk=iphoneos*]" = "iPhone Developer";
				GCC_C_LANGUAGE_STANDARD = gnu99;
				GCC_VERSION = com.apple.compilers.llvmgcc42;
				GCC_WARN_ABOUT_RETURN_TYPE = YES;
				GCC_WARN_UNUSED_VARIABLE = YES;
				IPHONEOS_DEPLOYMENT_TARGET = 4.3;
				OTHER_CFLAGS = "-DNS_BLOCK_ASSERTIONS=1";
				SDKROOT = iphoneos;
			};
			name = Release;
		};
		5B99B4E0140FD38C00EF4C77 /* Debug */ = {
			isa = XCBuildConfiguration;
			buildSettings = {
				ALWAYS_SEARCH_USER_PATHS = NO;
				COPY_PHASE_STRIP = NO;
				GCC_DYNAMIC_NO_PIC = NO;
				GCC_PRECOMPILE_PREFIX_HEADER = YES;
				GCC_PREFIX_HEADER = "NavigationBasedAppFirst/NavigationBasedAppFirst-Prefix.pch";
				INFOPLIST_FILE = "NavigationBasedAppFirst/NavigationBasedAppFirst-Info.plist";
				PRODUCT_NAME = "$(TARGET_NAME)";
				WRAPPER_EXTENSION = app;
			};
			name = Debug;
		};
		5B99B4E1140FD38C00EF4C77 /* Release */ = {
			isa = XCBuildConfiguration;
			buildSettings = {
				ALWAYS_SEARCH_USER_PATHS = NO;
				COPY_PHASE_STRIP = YES;
				GCC_PRECOMPILE_PREFIX_HEADER = YES;
				GCC_PREFIX_HEADER = "NavigationBasedAppFirst/NavigationBasedAppFirst-Prefix.pch";
				INFOPLIST_FILE = "NavigationBasedAppFirst/NavigationBasedAppFirst-Info.plist";
				PRODUCT_NAME = "$(TARGET_NAME)";
				VALIDATE_PRODUCT = YES;
				WRAPPER_EXTENSION = app;
			};
			name = Release;
		};
/* End XCBuildConfiguration section */

/* Begin XCConfigurationList section */
		5B99B4B8140FD38C00EF4C77 /* Build configuration list for PBXProject "NavigationBasedAppFirst" */ = {
			isa = XCConfigurationList;
			buildConfigurations = (
				5B99B4DD140FD38C00EF4C77 /* Debug */,
				5B99B4DE140FD38C00EF4C77 /* Release */,
			);
			defaultConfigurationIsVisible = 0;
			defaultConfigurationName = Release;
		};
		5B99B4DF140FD38C00EF4C77 /* Build configuration list for PBXNativeTarget "NavigationBasedAppFirst" */ = {
			isa = XCConfigurationList;
			buildConfigurations = (
				5B99B4E0140FD38C00EF4C77 /* Debug */,
				5B99B4E1140FD38C00EF4C77 /* Release */,
			);
			defaultConfigurationIsVisible = 0;
		};
/* End XCConfigurationList section */
	};
	rootObject = 5B99B4B5140FD38C00EF4C77 /* Project object */;
}
